
Microsoft Visual Studio Solution File, Format Version 12.00
# Visual Studio 2015
Project("{FAE04EC0-301F-11D3-BF4B-00C04F79EFBC}") = "InterviewMiniAssignment.CSharp.Plugins", "InterviewMiniAssignment.CSharp.Plugins.csproj", "{553236C7-E908-9969-E371-EE696C2869ED}"
EndProject
Project("{FAE04EC0-301F-11D3-BF4B-00C04F79EFBC}") = "InterviewMiniAssignment.CSharp", "InterviewMiniAssignment.CSharp.csproj", "{0820637C-EB78-3B10-3075-7317DDDF34A8}"
EndProject
Project("{FAE04EC0-301F-11D3-BF4B-00C04F79EFBC}") = "InterviewMiniAssignment.CSharp.Editor", "InterviewMiniAssignment.CSharp.Editor.csproj", "{BD2E2F86-9F58-A15C-854E-95E3165B4EC3}"
EndProject
Global
	GlobalSection(SolutionConfigurationPlatforms) = preSolution
		Debug|Any CPU = Debug|Any CPU
		Release|Any CPU = Release|Any CPU
	EndGlobalSection
	GlobalSection(ProjectConfigurationPlatforms) = postSolution
		{553236C7-E908-9969-E371-EE696C2869ED}.Debug|Any CPU.ActiveCfg = Debug|Any CPU
		{553236C7-E908-9969-E371-EE696C2869ED}.Debug|Any CPU.Build.0 = Debug|Any CPU
		{553236C7-E908-9969-E371-EE696C2869ED}.Release|Any CPU.ActiveCfg = Release|Any CPU
		{553236C7-E908-9969-E371-EE696C2869ED}.Release|Any CPU.Build.0 = Release|Any CPU
		{0820637C-EB78-3B10-3075-7317DDDF34A8}.Debug|Any CPU.ActiveCfg = Debug|Any CPU
		{0820637C-EB78-3B10-3075-7317DDDF34A8}.Debug|Any CPU.Build.0 = Debug|Any CPU
		{0820637C-EB78-3B10-3075-7317DDDF34A8}.Release|Any CPU.ActiveCfg = Release|Any CPU
		{0820637C-EB78-3B10-3075-7317DDDF34A8}.Release|Any CPU.Build.0 = Release|Any CPU
		{BD2E2F86-9F58-A15C-854E-95E3165B4EC3}.Debug|Any CPU.ActiveCfg = Debug|Any CPU
		{BD2E2F86-9F58-A15C-854E-95E3165B4EC3}.Debug|Any CPU.Build.0 = Debug|Any CPU
		{BD2E2F86-9F58-A15C-854E-95E3165B4EC3}.Release|Any CPU.ActiveCfg = Release|Any CPU
		{BD2E2F86-9F58-A15C-854E-95E3165B4EC3}.Release|Any CPU.Build.0 = Release|Any CPU
	EndGlobalSection
	GlobalSection(SolutionProperties) = preSolution
		HideSolutionNode = FALSE
	EndGlobalSection
EndGlobal
